// !$*UTF8*$!
{
	archiveVersion = 1;
	classes = {
	};
	objectVersion = 46;
	objects = {

/* Begin PBXBuildFile section */
		04D6CEFF1E49D2DA00C9D057 /* main.m in Sources */ = {isa = PBXBuildFile; fileRef = 04D6CEFE1E49D2DA00C9D057 /* main.m */; };
		04D6CF021E49D2DA00C9D057 /* AppDelegate.m in Sources */ = {isa = PBXBuildFile; fileRef = 04D6CF011E49D2DA00C9D057 /* AppDelegate.m */; };
		04D6CF051E49D2DA00C9D057 /* ViewController.m in Sources */ = {isa = PBXBuildFile; fileRef = 04D6CF041E49D2DA00C9D057 /* ViewController.m */; };
		04D6CF081E49D2DA00C9D057 /* Main.storyboard in Resources */ = {isa = PBXBuildFile; fileRef = 04D6CF061E49D2DA00C9D057 /* Main.storyboard */; };
		04D6CF0A1E49D2DA00C9D057 /* Assets.xcassets in Resources */ = {isa = PBXBuildFile; fileRef = 04D6CF091E49D2DA00C9D057 /* Assets.xcassets */; };
		04D6CF0D1E49D2DA00C9D057 /* LaunchScreen.storyboard in Resources */ = {isa = PBXBuildFile; fileRef = 04D6CF0B1E49D2DA00C9D057 /* LaunchScreen.storyboard */; };
		04D6CF181E49D2DA00C9D057 /* _______Tests.m in Sources */ = {isa = PBXBuildFile; fileRef = 04D6CF171E49D2DA00C9D057 /* _______Tests.m */; };
		04D6CF231E49D2DA00C9D057 /* _______UITests.m in Sources */ = {isa = PBXBuildFile; fileRef = 04D6CF221E49D2DA00C9D057 /* _______UITests.m */; };
		04D6CF331E49D38900C9D057 /* CPKenburnsView.m in Sources */ = {isa = PBXBuildFile; fileRef = 04D6CF321E49D38900C9D057 /* CPKenburnsView.m */; };
		04D6CF361E49DC3500C9D057 /* SJAvatarBrower.m in Sources */ = {isa = PBXBuildFile; fileRef = 04D6CF351E49DC3500C9D057 /* SJAvatarBrower.m */; };
		04D6CF3A1E49DCB700C9D057 /* 1.jpg in Resources */ = {isa = PBXBuildFile; fileRef = 04D6CF371E49DCB700C9D057 /* 1.jpg */; };
		04D6CF3B1E49DCB700C9D057 /* 2.jpg in Resources */ = {isa = PBXBuildFile; fileRef = 04D6CF381E49DCB700C9D057 /* 2.jpg */; };
		04D6CF3C1E49DCB700C9D057 /* background@2x.png in Resources */ = {isa = PBXBuildFile; fileRef = 04D6CF391E49DCB700C9D057 /* background@2x.png */; };
/* End PBXBuildFile section */

/* Begin PBXContainerItemProxy section */
		04D6CF141E49D2DA00C9D057 /* PBXContainerItemProxy */ = {
			isa = PBXContainerItemProxy;
			containerPortal = 04D6CEF21E49D2DA00C9D057 /* Project object */;
			proxyType = 1;
			remoteGlobalIDString = 04D6CEF91E49D2DA00C9D057;
			remoteInfo = "个人中心的效果";
		};
		04D6CF1F1E49D2DA00C9D057 /* PBXContainerItemProxy */ = {
			isa = PBXContainerItemProxy;
			containerPortal = 04D6CEF21E49D2DA00C9D057 /* Project object */;
			proxyType = 1;
			remoteGlobalIDString = 04D6CEF91E49D2DA00C9D057;
			remoteInfo = "个人中心的效果";
		};
/* End PBXContainerItemProxy section */

/* Begin PBXFileReference section */
		04D6CEFA1E49D2DA00C9D057 /* 个人中心的效果.app */ = {isa = PBXFileReference; explicitFileType = wrapper.application; includeInIndex = 0; path = "个人中心的效果.app"; sourceTree = BUILT_PRODUCTS_DIR; };
		04D6CEFE1E49D2DA00C9D057 /* main.m */ = {isa = PBXFileReference; lastKnownFileType = sourcecode.c.objc; path = main.m; sourceTree = "<group>"; };
		04D6CF001E49D2DA00C9D057 /* AppDelegate.h */ = {isa = PBXFileReference; lastKnownFileType = sourcecode.c.h; path = AppDelegate.h; sourceTree = "<group>"; };
		04D6CF011E49D2DA00C9D057 /* AppDelegate.m */ = {isa = PBXFileReference; lastKnownFileType = sourcecode.c.objc; path = AppDelegate.m; sourceTree = "<group>"; };
		04D6CF031E49D2DA00C9D057 /* ViewController.h */ = {isa = PBXFileReference; lastKnownFileType = sourcecode.c.h; path = ViewController.h; sourceTree = "<group>"; };
		04D6CF041E49D2DA00C9D057 /* ViewController.m */ = {isa = PBXFileReference; lastKnownFileType = sourcecode.c.objc; path = ViewController.m; sourceTree = "<group>"; };
		04D6CF071E49D2DA00C9D057 /* Base */ = {isa = PBXFileReference; lastKnownFileType = file.storyboard; name = Base; path = Base.lproj/Main.storyboard; sourceTree = "<group>"; };
		04D6CF091E49D2DA00C9D057 /* Assets.xcassets */ = {isa = PBXFileReference; lastKnownFileType = folder.assetcatalog; path = Assets.xcassets; sourceTree = "<group>"; };
		04D6CF0C1E49D2DA00C9D057 /* Base */ = {isa = PBXFileReference; lastKnownFileType = file.storyboard; name = Base; path = Base.lproj/LaunchScreen.storyboard; sourceTree = "<group>"; };
		04D6CF0E1E49D2DA00C9D057 /* Info.plist */ = {isa = PBXFileReference; lastKnownFileType = text.plist.xml; path = Info.plist; sourceTree = "<group>"; };
		04D6CF131E49D2DA00C9D057 /* 个人中心的效果Tests.xctest */ = {isa = PBXFileReference; explicitFileType = wrapper.cfbundle; includeInIndex = 0; path = "个人中心的效果Tests.xctest"; sourceTree = BUILT_PRODUCTS_DIR; };
		04D6CF171E49D2DA00C9D057 /* _______Tests.m */ = {isa = PBXFileReference; lastKnownFileType = sourcecode.c.objc; path = "_______Tests.m"; sourceTree = "<group>"; };
		04D6CF191E49D2DA00C9D057 /* Info.plist */ = {isa = PBXFileReference; lastKnownFileType = text.plist.xml; path = Info.plist; sourceTree = "<group>"; };
		04D6CF1E1E49D2DA00C9D057 /* 个人中心的效果UITests.xctest */ = {isa = PBXFileReference; explicitFileType = wrapper.cfbundle; includeInIndex = 0; path = "个人中心的效果UITests.xctest"; sourceTree = BUILT_PRODUCTS_DIR; };
		04D6CF221E49D2DA00C9D057 /* _______UITests.m */ = {isa = PBXFileReference; lastKnownFileType = sourcecode.c.objc; path = "_______UITests.m"; sourceTree = "<group>"; };
		04D6CF241E49D2DA00C9D057 /* Info.plist */ = {isa = PBXFileReference; lastKnownFileType = text.plist.xml; path = Info.plist; sourceTree = "<group>"; };
		04D6CF301E49D30E00C9D057 /* PrefixHeader.pch */ = {isa = PBXFileReference; lastKnownFileType = sourcecode.c.h; path = PrefixHeader.pch; sourceTree = "<group>"; };
		04D6CF311E49D38900C9D057 /* CPKenburnsView.h */ = {isa = PBXFileReference; fileEncoding = 4; lastKnownFileType = sourcecode.c.h; path = CPKenburnsView.h; sourceTree = "<group>"; };
		04D6CF321E49D38900C9D057 /* CPKenburnsView.m */ = {isa = PBXFileReference; fileEncoding = 4; lastKnownFileType = sourcecode.c.objc; path = CPKenburnsView.m; sourceTree = "<group>"; };
		04D6CF341E49DC3500C9D057 /* SJAvatarBrower.h */ = {isa = PBXFileReference; fileEncoding = 4; lastKnownFileType = sourcecode.c.h; path = SJAvatarBrower.h; sourceTree = "<group>"; };
		04D6CF351E49DC3500C9D057 /* SJAvatarBrower.m */ = {isa = PBXFileReference; fileEncoding = 4; lastKnownFileType = sourcecode.c.objc; path = SJAvatarBrower.m; sourceTree = "<group>"; };
		04D6CF371E49DCB700C9D057 /* 1.jpg */ = {isa = PBXFileReference; lastKnownFileType = image.jpeg; path = 1.jpg; sourceTree = "<group>"; };
		04D6CF381E49DCB700C9D057 /* 2.jpg */ = {isa = PBXFileReference; lastKnownFileType = image.jpeg; path = 2.jpg; sourceTree = "<group>"; };
		04D6CF391E49DCB700C9D057 /* background@2x.png */ = {isa = PBXFileReference; lastKnownFileType = image.png; path = "background@2x.png"; sourceTree = "<group>"; };
/* End PBXFileReference section */

/* Begin PBXFrameworksBuildPhase section */
		04D6CEF71E49D2DA00C9D057 /* Frameworks */ = {
			isa = PBXFrameworksBuildPhase;
			buildActionMask = 2147483647;
			files = (
			);
			runOnlyForDeploymentPostprocessing = 0;
		};
		04D6CF101E49D2DA00C9D057 /* Frameworks */ = {
			isa = PBXFrameworksBuildPhase;
			buildActionMask = 2147483647;
			files = (
			);
			runOnlyForDeploymentPostprocessing = 0;
		};
		04D6CF1B1E49D2DA00C9D057 /* Frameworks */ = {
			isa = PBXFrameworksBuildPhase;
			buildActionMask = 2147483647;
			files = (
			);
			runOnlyForDeploymentPostprocessing = 0;
		};
/* End PBXFrameworksBuildPhase section */

/* Begin PBXGroup section */
		04D6CEF11E49D2DA00C9D057 = {
			isa = PBXGroup;
			children = (
				04D6CEFC1E49D2DA00C9D057 /* 个人中心的效果 */,
				04D6CF161E49D2DA00C9D057 /* 个人中心的效果Tests */,
				04D6CF211E49D2DA00C9D057 /* 个人中心的效果UITests */,
				04D6CEFB1E49D2DA00C9D057 /* Products */,
			);
			sourceTree = "<group>";
		};
		04D6CEFB1E49D2DA00C9D057 /* Products */ = {
			isa = PBXGroup;
			children = (
				04D6CEFA1E49D2DA00C9D057 /* 个人中心的效果.app */,
				04D6CF131E49D2DA00C9D057 /* 个人中心的效果Tests.xctest */,
				04D6CF1E1E49D2DA00C9D057 /* 个人中心的效果UITests.xctest */,
			);
			name = Products;
			sourceTree = "<group>";
		};
		04D6CEFC1E49D2DA00C9D057 /* 个人中心的效果 */ = {
			isa = PBXGroup;
			children = (
				04D6CF001E49D2DA00C9D057 /* AppDelegate.h */,
				04D6CF011E49D2DA00C9D057 /* AppDelegate.m */,
				04D6CF031E49D2DA00C9D057 /* ViewController.h */,
				04D6CF041E49D2DA00C9D057 /* ViewController.m */,
				04D6CF311E49D38900C9D057 /* CPKenburnsView.h */,
				04D6CF321E49D38900C9D057 /* CPKenburnsView.m */,
				04D6CF341E49DC3500C9D057 /* SJAvatarBrower.h */,
				04D6CF351E49DC3500C9D057 /* SJAvatarBrower.m */,
				04D6CEFD1E49D2DA00C9D057 /* Supporting Files */,
			);
			path = "个人中心的效果";
			sourceTree = "<group>";
		};
		04D6CEFD1E49D2DA00C9D057 /* Supporting Files */ = {
			isa = PBXGroup;
			children = (
				04D6CF371E49DCB700C9D057 /* 1.jpg */,
				04D6CF381E49DCB700C9D057 /* 2.jpg */,
				04D6CF391E49DCB700C9D057 /* background@2x.png */,
				04D6CF061E49D2DA00C9D057 /* Main.storyboard */,
				04D6CF091E49D2DA00C9D057 /* Assets.xcassets */,
				04D6CF0B1E49D2DA00C9D057 /* LaunchScreen.storyboard */,
				04D6CF0E1E49D2DA00C9D057 /* Info.plist */,
				04D6CEFE1E49D2DA00C9D057 /* main.m */,
				04D6CF301E49D30E00C9D057 /* PrefixHeader.pch */,
			);
			name = "Supporting Files";
			sourceTree = "<group>";
		};
		04D6CF161E49D2DA00C9D057 /* 个人中心的效果Tests */ = {
			isa = PBXGroup;
			children = (
				04D6CF171E49D2DA00C9D057 /* _______Tests.m */,
				04D6CF191E49D2DA00C9D057 /* Info.plist */,
			);
			path = "个人中心的效果Tests";
			sourceTree = "<group>";
		};
		04D6CF211E49D2DA00C9D057 /* 个人中心的效果UITests */ = {
			isa = PBXGroup;
			children = (
				04D6CF221E49D2DA00C9D057 /* _______UITests.m */,
				04D6CF241E49D2DA00C9D057 /* Info.plist */,
			);
			path = "个人中心的效果UITests";
			sourceTree = "<group>";
		};
/* End PBXGroup section */

/* Begin PBXNativeTarget section */
		04D6CEF91E49D2DA00C9D057 /* 个人中心的效果 */ = {
			isa = PBXNativeTarget;
			buildConfigurationList = 04D6CF271E49D2DA00C9D057 /* Build configuration list for PBXNativeTarget "个人中心的效果" */;
			buildPhases = (
				04D6CEF61E49D2DA00C9D057 /* Sources */,
				04D6CEF71E49D2DA00C9D057 /* Frameworks */,
				04D6CEF81E49D2DA00C9D057 /* Resources */,
			);
			buildRules = (
			);
			dependencies = (
			);
			name = "个人中心的效果";
			productName = "个人中心的效果";
			productReference = 04D6CEFA1E49D2DA00C9D057 /* 个人中心的效果.app */;
			productType = "com.apple.product-type.application";
		};
		04D6CF121E49D2DA00C9D057 /* 个人中心的效果Tests */ = {
			isa = PBXNativeTarget;
			buildConfigurationList = 04D6CF2A1E49D2DA00C9D057 /* Build configuration list for PBXNativeTarget "个人中心的效果Tests" */;
			buildPhases = (
				04D6CF0F1E49D2DA00C9D057 /* Sources */,
				04D6CF101E49D2DA00C9D057 /* Frameworks */,
				04D6CF111E49D2DA00C9D057 /* Resources */,
			);
			buildRules = (
			);
			dependencies = (
				04D6CF151E49D2DA00C9D057 /* PBXTargetDependency */,
			);
			name = "个人中心的效果Tests";
			productName = "个人中心的效果Tests";
			productReference = 04D6CF131E49D2DA00C9D057 /* 个人中心的效果Tests.xctest */;
			productType = "com.apple.product-type.bundle.unit-test";
		};
		04D6CF1D1E49D2DA00C9D057 /* 个人中心的效果UITests */ = {
			isa = PBXNativeTarget;
			buildConfigurationList = 04D6CF2D1E49D2DA00C9D057 /* Build configuration list for PBXNativeTarget "个人中心的效果UITests" */;
			buildPhases = (
				04D6CF1A1E49D2DA00C9D057 /* Sources */,
				04D6CF1B1E49D2DA00C9D057 /* Frameworks */,
				04D6CF1C1E49D2DA00C9D057 /* Resources */,
			);
			buildRules = (
			);
			dependencies = (
				04D6CF201E49D2DA00C9D057 /* PBXTargetDependency */,
			);
			name = "个人中心的效果UITests";
			productName = "个人中心的效果UITests";
			productReference = 04D6CF1E1E49D2DA00C9D057 /* 个人中心的效果UITests.xctest */;
			productType = "com.apple.product-type.bundle.ui-testing";
		};
/* End PBXNativeTarget section */

/* Begin PBXProject section */
		04D6CEF21E49D2DA00C9D057 /* Project object */ = {
			isa = PBXProject;
			attributes = {
				LastUpgradeCheck = 0820;
				ORGANIZATIONNAME = mac;
				TargetAttributes = {
					04D6CEF91E49D2DA00C9D057 = {
						CreatedOnToolsVersion = 8.2.1;
						DevelopmentTeam = E7QB8XUHZX;
						ProvisioningStyle = Automatic;
					};
					04D6CF121E49D2DA00C9D057 = {
						CreatedOnToolsVersion = 8.2.1;
						DevelopmentTeam = E7QB8XUHZX;
						ProvisioningStyle = Automatic;
						TestTargetID = 04D6CEF91E49D2DA00C9D057;
					};
					04D6CF1D1E49D2DA00C9D057 = {
						CreatedOnToolsVersion = 8.2.1;
						DevelopmentTeam = E7QB8XUHZX;
						ProvisioningStyle = Automatic;
						TestTargetID = 04D6CEF91E49D2DA00C9D057;
					};
				};
			};
			buildConfigurationList = 04D6CEF51E49D2DA00C9D057 /* Build configuration list for PBXProject "个人中心的效果" */;
			compatibilityVersion = "Xcode 3.2";
			developmentRegion = English;
			hasScannedForEncodings = 0;
			knownRegions = (
				en,
				Base,
			);
			mainGroup = 04D6CEF11E49D2DA00C9D057;
			productRefGroup = 04D6CEFB1E49D2DA00C9D057 /* Products */;
			projectDirPath = "";
			projectRoot = "";
			targets = (
				04D6CEF91E49D2DA00C9D057 /* 个人中心的效果 */,
				04D6CF121E49D2DA00C9D057 /* 个人中心的效果Tests */,
				04D6CF1D1E49D2DA00C9D057 /* 个人中心的效果UITests */,
			);
		};
/* End PBXProject section */

/* Begin PBXResourcesBuildPhase section */
		04D6CEF81E49D2DA00C9D057 /* Resources */ = {
			isa = PBXResourcesBuildPhase;
			buildActionMask = 2147483647;
			files = (
				04D6CF0D1E49D2DA00C9D057 /* LaunchScreen.storyboard in Resources */,
				04D6CF3A1E49DCB700C9D057 /* 1.jpg in Resources */,
				04D6CF3B1E49DCB700C9D057 /* 2.jpg in Resources */,
				04D6CF0A1E49D2DA00C9D057 /* Assets.xcassets in Resources */,
				04D6CF3C1E49DCB700C9D057 /* background@2x.png in Resources */,
				04D6CF081E49D2DA00C9D057 /* Main.storyboard in Resources */,
			);
			runOnlyForDeploymentPostprocessing = 0;
		};
		04D6CF111E49D2DA00C9D057 /* Resources */ = {
			isa = PBXResourcesBuildPhase;
			buildActionMask = 2147483647;
			files = (
			);
			runOnlyForDeploymentPostprocessing = 0;
		};
		04D6CF1C1E49D2DA00C9D057 /* Resources */ = {
			isa = PBXResourcesBuildPhase;
			buildActionMask = 2147483647;
			files = (
			);
			runOnlyForDeploymentPostprocessing = 0;
		};
/* End PBXResourcesBuildPhase section */

/* Begin PBXSourcesBuildPhase section */
		04D6CEF61E49D2DA00C9D057 /* Sources */ = {
			isa = PBXSourcesBuildPhase;
			buildActionMask = 2147483647;
			files = (
				04D6CF051E49D2DA00C9D057 /* ViewController.m in Sources */,
				04D6CF331E49D38900C9D057 /* CPKenburnsView.m in Sources */,
				04D6CF021E49D2DA00C9D057 /* AppDelegate.m in Sources */,
				04D6CEFF1E49D2DA00C9D057 /* main.m in Sources */,
				04D6CF361E49DC3500C9D057 /* SJAvatarBrower.m in Sources */,
			);
			runOnlyForDeploymentPostprocessing = 0;
		};
		04D6CF0F1E49D2DA00C9D057 /* Sources */ = {
			isa = PBXSourcesBuildPhase;
			buildActionMask = 2147483647;
			files = (
				04D6CF181E49D2DA00C9D057 /* _______Tests.m in Sources */,
			);
			runOnlyForDeploymentPostprocessing = 0;
		};
		04D6CF1A1E49D2DA00C9D057 /* Sources */ = {
			isa = PBXSourcesBuildPhase;
			buildActionMask = 2147483647;
			files = (
				04D6CF231E49D2DA00C9D057 /* _______UITests.m in Sources */,
			);
			runOnlyForDeploymentPostprocessing = 0;
		};
/* End PBXSourcesBuildPhase section */

/* Begin PBXTargetDependency section */
		04D6CF151E49D2DA00C9D057 /* PBXTargetDependency */ = {
			isa = PBXTargetDependency;
			target = 04D6CEF91E49D2DA00C9D057 /* 个人中心的效果 */;
			targetProxy = 04D6CF141E49D2DA00C9D057 /* PBXContainerItemProxy */;
		};
		04D6CF201E49D2DA00C9D057 /* PBXTargetDependency */ = {
			isa = PBXTargetDependency;
			target = 04D6CEF91E49D2DA00C9D057 /* 个人中心的效果 */;
			targetProxy = 04D6CF1F1E49D2DA00C9D057 /* PBXContainerItemProxy */;
		};
/* End PBXTargetDependency section */

/* Begin PBXVariantGroup section */
		04D6CF061E49D2DA00C9D057 /* Main.storyboard */ = {
			isa = PBXVariantGroup;
			children = (
				04D6CF071E49D2DA00C9D057 /* Base */,
			);
			name = Main.storyboard;
			sourceTree = "<group>";
		};
		04D6CF0B1E49D2DA00C9D057 /* LaunchScreen.storyboard */ = {
			isa = PBXVariantGroup;
			children = (
				04D6CF0C1E49D2DA00C9D057 /* Base */,
			);
			name = LaunchScreen.storyboard;
			sourceTree = "<group>";
		};
/* End PBXVariantGroup section */

/* Begin XCBuildConfiguration section */
		04D6CF251E49D2DA00C9D057 /* Debug */ = {
			isa = XCBuildConfiguration;
			buildSettings = {
				ALWAYS_SEARCH_USER_PATHS = NO;
				CLANG_ANALYZER_NONNULL = YES;
				CLANG_CXX_LANGUAGE_STANDARD = "gnu++0x";
				CLANG_CXX_LIBRARY = "libc++";
				CLANG_ENABLE_MODULES = YES;
				CLANG_ENABLE_OBJC_ARC = YES;
				CLANG_WARN_BOOL_CONVERSION = YES;
				CLANG_WARN_CONSTANT_CONVERSION = YES;
				CLANG_WARN_DIRECT_OBJC_ISA_USAGE = YES_ERROR;
				CLANG_WARN_DOCUMENTATION_COMMENTS = YES;
				CLANG_WARN_EMPTY_BODY = YES;
				CLANG_WARN_ENUM_CONVERSION = YES;
				CLANG_WARN_INFINITE_RECURSION = YES;
				CLANG_WARN_INT_CONVERSION = YES;
				CLANG_WARN_OBJC_ROOT_CLASS = YES_ERROR;
				CLANG_WARN_SUSPICIOUS_MOVE = YES;
				CLANG_WARN_UNREACHABLE_CODE = YES;
				CLANG_WARN__DUPLICATE_METHOD_MATCH = YES;
				"CODE_SIGN_IDENTITY[sdk=iphoneos*]" = "iPhone Developer";
				COPY_PHASE_STRIP = NO;
				DEBUG_INFORMATION_FORMAT = dwarf;
				ENABLE_STRICT_OBJC_MSGSEND = YES;
				ENABLE_TESTABILITY = YES;
				GCC_C_LANGUAGE_STANDARD = gnu99;
				GCC_DYNAMIC_NO_PIC = NO;
				GCC_NO_COMMON_BLOCKS = YES;
				GCC_OPTIMIZATION_LEVEL = 0;
				GCC_PREPROCESSOR_DEFINITIONS = (
					"DEBUG=1",
					"$(inherited)",
				);
				GCC_WARN_64_TO_32_BIT_CONVERSION = YES;
				GCC_WARN_ABOUT_RETURN_TYPE = YES_ERROR;
				GCC_WARN_UNDECLARED_SELECTOR = YES;
				GCC_WARN_UNINITIALIZED_AUTOS = YES_AGGRESSIVE;
				GCC_WARN_UNUSED_FUNCTION = YES;
				GCC_WARN_UNUSED_VARIABLE = YES;
				IPHONEOS_DEPLOYMENT_TARGET = 10.2;
				MTL_ENABLE_DEBUG_INFO = YES;
				ONLY_ACTIVE_ARCH = YES;
				SDKROOT = iphoneos;
			};
			name = Debug;
		};
		04D6CF261E49D2DA00C9D057 /* Release */ = {
			isa = XCBuildConfiguration;
			buildSettings = {
				ALWAYS_SEARCH_USER_PATHS = NO;
				CLANG_ANALYZER_NONNULL = YES;
				CLANG_CXX_LANGUAGE_STANDARD = "gnu++0x";
				CLANG_CXX_LIBRARY = "libc++";
				CLANG_ENABLE_MODULES = YES;
				CLANG_ENABLE_OBJC_ARC = YES;
				CLANG_WARN_BOOL_CONVERSION = YES;
				CLANG_WARN_CONSTANT_CONVERSION = YES;
				CLANG_WARN_DIRECT_OBJC_ISA_USAGE = YES_ERROR;
				CLANG_WARN_DOCUMENTATION_COMMENTS = YES;
				CLANG_WARN_EMPTY_BODY = YES;
				CLANG_WARN_ENUM_CONVERSION = YES;
				CLANG_WARN_INFINITE_RECURSION = YES;
				CLANG_WARN_INT_CONVERSION = YES;
				CLANG_WARN_OBJC_ROOT_CLASS = YES_ERROR;
				CLANG_WARN_SUSPICIOUS_MOVE = YES;
				CLANG_WARN_UNREACHABLE_CODE = YES;
				CLANG_WARN__DUPLICATE_METHOD_MATCH = YES;
				"CODE_SIGN_IDENTITY[sdk=iphoneos*]" = "iPhone Developer";
				COPY_PHASE_STRIP = NO;
				DEBUG_INFORMATION_FORMAT = "dwarf-with-dsym";
				ENABLE_NS_ASSERTIONS = NO;
				ENABLE_STRICT_OBJC_MSGSEND = YES;
				GCC_C_LANGUAGE_STANDARD = gnu99;
				GCC_NO_COMMON_BLOCKS = YES;
				GCC_WARN_64_TO_32_BIT_CONVERSION = YES;
				GCC_WARN_ABOUT_RETURN_TYPE = YES_ERROR;
				GCC_WARN_UNDECLARED_SELECTOR = YES;
				GCC_WARN_UNINITIALIZED_AUTOS = YES_AGGRESSIVE;
				GCC_WARN_UNUSED_FUNCTION = YES;
				GCC_WARN_UNUSED_VARIABLE = YES;
				IPHONEOS_DEPLOYMENT_TARGET = 10.2;
				MTL_ENABLE_DEBUG_INFO = NO;
				SDKROOT = iphoneos;
				VALIDATE_PRODUCT = YES;
			};
			name = Release;
		};
		04D6CF281E49D2DA00C9D057 /* Debug */ = {
			isa = XCBuildConfiguration;
			buildSettings = {
				ASSETCATALOG_COMPILER_APPICON_NAME = AppIcon;
				DEVELOPMENT_TEAM = E7QB8XUHZX;
				GCC_PREFIX_HEADER = "$SRCROOT/个人中心的效果/PrefixHeader.pch";
				INFOPLIST_FILE = "个人中心的效果/Info.plist";
				IPHONEOS_DEPLOYMENT_TARGET = 8.0;
				LD_RUNPATH_SEARCH_PATHS = "$(inherited) @executable_path/Frameworks";
				PRODUCT_BUNDLE_IDENTIFIER = "PangXieYunGou.-------";
				PRODUCT_NAME = "$(TARGET_NAME)";
			};
			name = Debug;
		};
		04D6CF291E49D2DA00C9D057 /* Release */ = {
			isa = XCBuildConfiguration;
			buildSettings = {
				ASSETCATALOG_COMPILER_APPICON_NAME = AppIcon;
				DEVELOPMENT_TEAM = E7QB8XUHZX;
				GCC_PREFIX_HEADER = "$SRCROOT/个人中心的效果/PrefixHeader.pch";
				INFOPLIST_FILE = "个人中心的效果/Info.plist";
				IPHONEOS_DEPLOYMENT_TARGET = 8.0;
				LD_RUNPATH_SEARCH_PATHS = "$(inherited) @executable_path/Frameworks";
				PRODUCT_BUNDLE_IDENTIFIER = "PangXieYunGou.-------";
				PRODUCT_NAME = "$(TARGET_NAME)";
			};
			name = Release;
		};
		04D6CF2B1E49D2DA00C9D057 /* Debug */ = {
			isa = XCBuildConfiguration;
			buildSettings = {
				BUNDLE_LOADER = "$(TEST_HOST)";
				DEVELOPMENT_TEAM = E7QB8XUHZX;
				INFOPLIST_FILE = "个人中心的效果Tests/Info.plist";
				LD_RUNPATH_SEARCH_PATHS = "$(inherited) @executable_path/Frameworks @loader_path/Frameworks";
				PRODUCT_BUNDLE_IDENTIFIER = "PangXieYunGou.-------Tests";
				PRODUCT_NAME = "$(TARGET_NAME)";
				TEST_HOST = "$(BUILT_PRODUCTS_DIR)/个人中心的效果.app/个人中心的效果";
			};
			name = Debug;
		};
		04D6CF2C1E49D2DA00C9D057 /* Release */ = {
			isa = XCBuildConfiguration;
			buildSettings = {
				BUNDLE_LOADER = "$(TEST_HOST)";
				DEVELOPMENT_TEAM = E7QB8XUHZX;
				INFOPLIST_FILE = "个人中心的效果Tests/Info.plist";
				LD_RUNPATH_SEARCH_PATHS = "$(inherited) @executable_path/Frameworks @loader_path/Frameworks";
				PRODUCT_BUNDLE_IDENTIFIER = "PangXieYunGou.-------Tests";
				PRODUCT_NAME = "$(TARGET_NAME)";
				TEST_HOST = "$(BUILT_PRODUCTS_DIR)/个人中心的效果.app/个人中心的效果";
			};
			name = Release;
		};
		04D6CF2E1E49D2DA00C9D057 /* Debug */ = {
			isa = XCBuildConfiguration;
			buildSettings = {
				DEVELOPMENT_TEAM = E7QB8XUHZX;
				INFOPLIST_FILE = "个人中心的效果UITests/Info.plist";
				LD_RUNPATH_SEARCH_PATHS = "$(inherited) @executable_path/Frameworks @loader_path/Frameworks";
				PRODUCT_BUNDLE_IDENTIFIER = "PangXieYunGou.-------UITests";
				PRODUCT_NAME = "$(TARGET_NAME)";
				TEST_TARGET_NAME = "个人中心的效果";
			};
			name = Debug;
		};
		04D6CF2F1E49D2DA00C9D057 /* Release */ = {
			isa = XCBuildConfiguration;
			buildSettings = {
				DEVELOPMENT_TEAM = E7QB8XUHZX;
				INFOPLIST_FILE = "个人中心的效果UITests/Info.plist";
				LD_RUNPATH_SEARCH_PATHS = "$(inherited) @executable_path/Frameworks @loader_path/Frameworks";
				PRODUCT_BUNDLE_IDENTIFIER = "PangXieYunGou.-------UITests";
				PRODUCT_NAME = "$(TARGET_NAME)";
				TEST_TARGET_NAME = "个人中心的效果";
			};
			name = Release;
		};
/* End XCBuildConfiguration section */

/* Begin XCConfigurationList section */
		04D6CEF51E49D2DA00C9D057 /* Build configuration list for PBXProject "个人中心的效果" */ = {
			isa = XCConfigurationList;
			buildConfigurations = (
				04D6CF251E49D2DA00C9D057 /* Debug */,
				04D6CF261E49D2DA00C9D057 /* Release */,
			);
			defaultConfigurationIsVisible = 0;
			defaultConfigurationName = Release;
		};
		04D6CF271E49D2DA00C9D057 /* Build configuration list for PBXNativeTarget "个人中心的效果" */ = {
			isa = XCConfigurationList;
			buildConfigurations = (
				04D6CF281E49D2DA00C9D057 /* Debug */,
				04D6CF291E49D2DA00C9D057 /* Release */,
			);
			defaultConfigurationIsVisible = 0;
		};
		04D6CF2A1E49D2DA00C9D057 /* Build configuration list for PBXNativeTarget "个人中心的效果Tests" */ = {
			isa = XCConfigurationList;
			buildConfigurations = (
				04D6CF2B1E49D2DA00C9D057 /* Debug */,
				04D6CF2C1E49D2DA00C9D057 /* Release */,
			);
			defaultConfigurationIsVisible = 0;
		};
		04D6CF2D1E49D2DA00C9D057 /* Build configuration list for PBXNativeTarget "个人中心的效果UITests" */ = {
			isa = XCConfigurationList;
			buildConfigurations = (
				04D6CF2E1E49D2DA00C9D057 /* Debug */,
				04D6CF2F1E49D2DA00C9D057 /* Release */,
			);
			defaultConfigurationIsVisible = 0;
		};
/* End XCConfigurationList section */
	};
	rootObject = 04D6CEF21E49D2DA00C9D057 /* Project object */;
}
